
Microsoft Visual Studio Solution File, Format Version 11.00
# Visual Studio 2010
Project("{8BC9CEB8-8B4A-11D0-8D11-00A0C91BC942}") = "copter_base24", "copter_base24.vcxproj", "{FB6E6F4F-EC1B-FA8E-2044-337BB2E8F5BC}"
EndProject
Global
	GlobalSection(SolutionConfigurationPlatforms) = preSolution
		Debug|Win32 = Debug|Win32
		Release|Win32 = Release|Win32
	EndGlobalSection
	GlobalSection(ProjectConfigurationPlatforms) = postSolution
		{FB6E6F4F-EC1B-FA8E-2044-337BB2E8F5BC}.Debug|Win32.ActiveCfg = Debug|Win32
		{FB6E6F4F-EC1B-FA8E-2044-337BB2E8F5BC}.Debug|Win32.Build.0 = Debug|Win32
		{FB6E6F4F-EC1B-FA8E-2044-337BB2E8F5BC}.Release|Win32.ActiveCfg = Release|Win32
		{FB6E6F4F-EC1B-FA8E-2044-337BB2E8F5BC}.Release|Win32.Build.0 = Release|Win32
	EndGlobalSection
	GlobalSection(SolutionProperties) = preSolution
		HideSolutionNode = FALSE
	EndGlobalSection
EndGlobal
